
Microsoft Visual Studio Solution File, Format Version 12.00
# Visual Studio Version 17
VisualStudioVersion = 17.2.32630.192
MinimumVisualStudioVersion = 10.0.40219.1
Project("{FAE04EC0-301F-11D3-BF4B-00C04F79EFBC}") = "RayTracer", "RayTracer\RayTracer.csproj", "{92F92ECD-278E-406F-A7EC-EAA84030A0F7}"
EndProject
Global
	GlobalSection(SolutionConfigurationPlatforms) = preSolution
		Debug|Any CPU = Debug|Any CPU
		Release|Any CPU = Release|Any CPU
	EndGlobalSection
	GlobalSection(ProjectConfigurationPlatforms) = postSolution
		{92F92ECD-278E-406F-A7EC-EAA84030A0F7}.Debug|Any CPU.ActiveCfg = Debug|Any CPU
		{92F92ECD-278E-406F-A7EC-EAA84030A0F7}.Debug|Any CPU.Build.0 = Debug|Any CPU
		{92F92ECD-278E-406F-A7EC-EAA84030A0F7}.Release|Any CPU.ActiveCfg = Release|Any CPU
		{92F92ECD-278E-406F-A7EC-EAA84030A0F7}.Release|Any CPU.Build.0 = Release|Any CPU
	EndGlobalSection
	GlobalSection(SolutionProperties) = preSolution
		HideSolutionNode = FALSE
	EndGlobalSection
	GlobalSection(ExtensibilityGlobals) = postSolution
		SolutionGuid = {4231FA94-FD0F-4DD6-9763-1E7C4319EDF0}
	EndGlobalSection
EndGlobal
